{
  "name": "boutique",
  "version": "1.0.0",
  "lockfileVersion": 1,
  "requires": true,
  "dependencies": {
    "trumbowyg": {
      "version": "2.25.0",
      "resolved": "https://registry.npmjs.org/trumbowyg/-/trumbowyg-2.25.0.tgz",
      "integrity": "sha512-Ama8odYLdI4/G/GosGVuL796Of03BpvfwoXYIBbkiiJ/9ADh3HJ0nAfjTWoyXfCmOab+u/baML4vdWvy+sgkeQ=="
    }
  }
}
